
Microsoft Visual Studio Solution File, Format Version 12.00
# Visual Studio Version 16
VisualStudioVersion = 16.0.31005.135
MinimumVisualStudioVersion = 10.0.40219.1
Project("{FAE04EC0-301F-11D3-BF4B-00C04F79EFBC}") = "windowsManipulator", "windowsManipulator\windowsManipulator.csproj", "{684D1F93-0A1F-40E3-BFD2-F6AA2E837EE7}"
EndProject
Global
	GlobalSection(SolutionConfigurationPlatforms) = preSolution
		Debug|Any CPU = Debug|Any CPU
		Release|Any CPU = Release|Any CPU
	EndGlobalSection
	GlobalSection(ProjectConfigurationPlatforms) = postSolution
		{684D1F93-0A1F-40E3-BFD2-F6AA2E837EE7}.Debug|Any CPU.ActiveCfg = Debug|Any CPU
		{684D1F93-0A1F-40E3-BFD2-F6AA2E837EE7}.Debug|Any CPU.Build.0 = Debug|Any CPU
		{684D1F93-0A1F-40E3-BFD2-F6AA2E837EE7}.Release|Any CPU.ActiveCfg = Release|Any CPU
		{684D1F93-0A1F-40E3-BFD2-F6AA2E837EE7}.Release|Any CPU.Build.0 = Release|Any CPU
	EndGlobalSection
	GlobalSection(SolutionProperties) = preSolution
		HideSolutionNode = FALSE
	EndGlobalSection
	GlobalSection(ExtensibilityGlobals) = postSolution
		SolutionGuid = {0E13A28D-55FC-424A-9FE2-27C179E9F79E}
	EndGlobalSection
EndGlobal
